# THIS IS AN AUTOGENERATED FILE. DO NOT EDIT THIS FILE DIRECTLY.
# yarn lockfile v1


rn-countdown@^1.0.0:
  version "1.0.0"
  resolved "https://registry.npmjs.org/rn-countdown/-/rn-countdown-1.0.0.tgz#f9560c769a5c0e9e5286a1da06cc69ec6b97e217"
  integrity sha512-hnYftQ44ylGcYNzj3VVSXjGV//BoVkzBttBHZE5I/1aLd+yETqk8JTdLmD/jIr+GmoPD9+BhIscBT0bxaeetmg==
